
Microsoft Visual Studio Solution File, Format Version 12.00
# Visual Studio Version 16
VisualStudioVersion = 16.0.30011.22
MinimumVisualStudioVersion = 10.0.40219.1
Project("{FAE04EC0-301F-11D3-BF4B-00C04F79EFBC}") = "Barcodes", "Barcodes\Barcodes.csproj", "{8CFFE448-F042-4DEE-A542-DFABE0BD5B8B}"
EndProject
Global
	GlobalSection(SolutionConfigurationPlatforms) = preSolution
		Debug|Any CPU = Debug|Any CPU
		Release|Any CPU = Release|Any CPU
	EndGlobalSection
	GlobalSection(ProjectConfigurationPlatforms) = postSolution
		{8CFFE448-F042-4DEE-A542-DFABE0BD5B8B}.Debug|Any CPU.ActiveCfg = Debug|Any CPU
		{8CFFE448-F042-4DEE-A542-DFABE0BD5B8B}.Debug|Any CPU.Build.0 = Debug|Any CPU
		{8CFFE448-F042-4DEE-A542-DFABE0BD5B8B}.Release|Any CPU.ActiveCfg = Release|Any CPU
		{8CFFE448-F042-4DEE-A542-DFABE0BD5B8B}.Release|Any CPU.Build.0 = Release|Any CPU
	EndGlobalSection
	GlobalSection(SolutionProperties) = preSolution
		HideSolutionNode = FALSE
	EndGlobalSection
	GlobalSection(ExtensibilityGlobals) = postSolution
		SolutionGuid = {C5B5AC6F-0C75-4180-B43B-A5FB7228B627}
	EndGlobalSection
EndGlobal
